// !$*UTF8*$!
{
	archiveVersion = 1;
	classes = {
	};
	objectVersion = 56;
	objects = {

/* Begin PBXBuildFile section */
		1C0A8D8B2AA1A94B003C08DC /* AppDelegate.swift in Sources */ = {isa = PBXBuildFile; fileRef = 1C0A8D8A2AA1A94B003C08DC /* AppDelegate.swift */; };
		1C0A8D8D2AA1A94B003C08DC /* SceneDelegate.swift in Sources */ = {isa = PBXBuildFile; fileRef = 1C0A8D8C2AA1A94B003C08DC /* SceneDelegate.swift */; };
		1C0A8D8F2AA1A94B003C08DC /* ViewController.swift in Sources */ = {isa = PBXBuildFile; fileRef = 1C0A8D8E2AA1A94B003C08DC /* ViewController.swift */; };
		1C0A8D922AA1A94B003C08DC /* Main.storyboard in Resources */ = {isa = PBXBuildFile; fileRef = 1C0A8D902AA1A94B003C08DC /* Main.storyboard */; };
		1C0A8D942AA1A94C003C08DC /* Assets.xcassets in Resources */ = {isa = PBXBuildFile; fileRef = 1C0A8D932AA1A94C003C08DC /* Assets.xcassets */; };
		1C0A8D972AA1A94C003C08DC /* LaunchScreen.storyboard in Resources */ = {isa = PBXBuildFile; fileRef = 1C0A8D952AA1A94C003C08DC /* LaunchScreen.storyboard */; };
		1C0A8DA72AA1AAB8003C08DC /* LoginViewController.swift in Sources */ = {isa = PBXBuildFile; fileRef = 1C0A8DA62AA1AAB8003C08DC /* LoginViewController.swift */; };
		1C0A8DA92AA1AB8E003C08DC /* RegisterViewController.swift in Sources */ = {isa = PBXBuildFile; fileRef = 1C0A8DA82AA1AB8E003C08DC /* RegisterViewController.swift */; };
		A4162C052D6623CC00894975 /* Times Square.gpx in Resources */ = {isa = PBXBuildFile; fileRef = A4162C042D6623CC00894975 /* Times Square.gpx */; };
		A4162C072D6629AE00894975 /* FLocationManager.swift in Sources */ = {isa = PBXBuildFile; fileRef = A4162C062D6629AE00894975 /* FLocationManager.swift */; };
		A434BCEB2C559CF000E3BAB3 /* ChatHeader.swift in Sources */ = {isa = PBXBuildFile; fileRef = A434BCEA2C559CF000E3BAB3 /* ChatHeader.swift */; };
		A434BCED2C55A25F00E3BAB3 /* CollectionViews.swift in Sources */ = {isa = PBXBuildFile; fileRef = A434BCEC2C55A25F00E3BAB3 /* CollectionViews.swift */; };
		A43B0DE62B6F4C7200D77F9D /* NewChatViewController.swift in Sources */ = {isa = PBXBuildFile; fileRef = A43B0DE52B6F4C7200D77F9D /* NewChatViewController.swift */; };
		A44AF9DD2B46FEB600A7218A /* FileUploader.swift in Sources */ = {isa = PBXBuildFile; fileRef = A44AF9DC2B46FEB600A7218A /* FileUploader.swift */; };
		A44AF9DF2B470D9700A7218A /* Firebase+Injection.swift in Sources */ = {isa = PBXBuildFile; fileRef = A44AF9DE2B470D9700A7218A /* Firebase+Injection.swift */; };
		A4617C842BD01A31001FA899 /* Message.swift in Sources */ = {isa = PBXBuildFile; fileRef = A4617C832BD01A31001FA899 /* Message.swift */; };
		A4691F102B7670E300F7175A /* ConversationCell.swift in Sources */ = {isa = PBXBuildFile; fileRef = A4691F0F2B7670E300F7175A /* ConversationCell.swift */; };
		A4715A4F2B0644BE00EC10AB /* ViewControllers.swift in Sources */ = {isa = PBXBuildFile; fileRef = A4715A4E2B0644BE00EC10AB /* ViewControllers.swift */; };
		A474B5C12B0B8B1E00D6F23C /* CustomLabel.swift in Sources */ = {isa = PBXBuildFile; fileRef = A474B5C02B0B8B1E00D6F23C /* CustomLabel.swift */; };
		A474B5C32B0B8D3900D6F23C /* CustomImage.swift in Sources */ = {isa = PBXBuildFile; fileRef = A474B5C22B0B8D3900D6F23C /* CustomImage.swift */; };
		A47BDAA02B67646500948755 /* User.swift in Sources */ = {isa = PBXBuildFile; fileRef = A47BDA9F2B67646500948755 /* User.swift */; };
		A47BDAA22B67651B00948755 /* UserServices.swift in Sources */ = {isa = PBXBuildFile; fileRef = A47BDAA12B67651B00948755 /* UserServices.swift */; };
		A47BDAA42B67685E00948755 /* SplashVC.swift in Sources */ = {isa = PBXBuildFile; fileRef = A47BDAA32B67685E00948755 /* SplashVC.swift */; };
		A48786DF2C83C33700085E72 /* ExtensionChatController.swift in Sources */ = {isa = PBXBuildFile; fileRef = A48786DE2C83C33700085E72 /* ExtensionChatController.swift */; };
		A48941862BA0C6DD00B553A5 /* CustomInputView.swift in Sources */ = {isa = PBXBuildFile; fileRef = A48941852BA0C6DD00B553A5 /* CustomInputView.swift */; };
		A48941882BA0C75F00B553A5 /* InputTextView.swift in Sources */ = {isa = PBXBuildFile; fileRef = A48941872BA0C75F00B553A5 /* InputTextView.swift */; };
		A49B82A22CDBB9830040F0A9 /* VideoPlayerVC.swift in Sources */ = {isa = PBXBuildFile; fileRef = A49B82A12CDBB9830040F0A9 /* VideoPlayerVC.swift */; };
		A49FCB582ADD008100CD04F5 /* Buttons.swift in Sources */ = {isa = PBXBuildFile; fileRef = A49FCB572ADD008100CD04F5 /* Buttons.swift */; };
		A4A159102B2206CB00868505 /* GoogleService-Info.plist in Resources */ = {isa = PBXBuildFile; fileRef = A4A1590F2B2206CB00868505 /* GoogleService-Info.plist */; };
		A4AFBE422BC5844300FBE200 /* MessageServices.swift in Sources */ = {isa = PBXBuildFile; fileRef = A4AFBE412BC5844300FBE200 /* MessageServices.swift */; };
		A4B020C12AFA6A9700F7F9AE /* CustomTextField.swift in Sources */ = {isa = PBXBuildFile; fileRef = A4B020C02AFA6A9700F7F9AE /* CustomTextField.swift */; };
		A4B020C32AFA717B00F7F9AE /* CustomButton.swift in Sources */ = {isa = PBXBuildFile; fileRef = A4B020C22AFA717B00F7F9AE /* CustomButton.swift */; };
		A4B020C52AFA74A200F7F9AE /* RegisterViewModel.swift in Sources */ = {isa = PBXBuildFile; fileRef = A4B020C42AFA74A200F7F9AE /* RegisterViewModel.swift */; };
		A4B020C72AFA7A2500F7F9AE /* AuthProtocol.swift in Sources */ = {isa = PBXBuildFile; fileRef = A4B020C62AFA7A2500F7F9AE /* AuthProtocol.swift */; };
		A4B5F3282BB0D1350091B5FA /* UserViewModel.swift in Sources */ = {isa = PBXBuildFile; fileRef = A4B5F3272BB0D1350091B5FA /* UserViewModel.swift */; };
		A4BF43402B2B40280058FC9E /* AuthServices.swift in Sources */ = {isa = PBXBuildFile; fileRef = A4BF433F2B2B40280058FC9E /* AuthServices.swift */; };
		A4BF43432B2B50550058FC9E /* Constants.swift in Sources */ = {isa = PBXBuildFile; fileRef = A4BF43422B2B50550058FC9E /* Constants.swift */; };
		A4C00BA62ACBE3B1001DC57C /* Views.swift in Sources */ = {isa = PBXBuildFile; fileRef = A4C00BA52ACBE3B1001DC57C /* Views.swift */; };
		A4C04BCA2B5333A900711CC8 /* ConversationViewController.swift in Sources */ = {isa = PBXBuildFile; fileRef = A4C04BC92B5333A900711CC8 /* ConversationViewController.swift */; };
		A4C04BCD2B53371600711CC8 /* VC.swift in Sources */ = {isa = PBXBuildFile; fileRef = A4C04BCC2B53371600711CC8 /* VC.swift */; };
		A4CFB9202D15A8E000DFD6E3 /* Ext_CustomInputView.swift in Sources */ = {isa = PBXBuildFile; fileRef = A4CFB91F2D15A8E000DFD6E3 /* Ext_CustomInputView.swift */; };
		A4CFB9222D15AC5000DFD6E3 /* AKAudioRecorder.swift in Sources */ = {isa = PBXBuildFile; fileRef = A4CFB9212D15AC5000DFD6E3 /* AKAudioRecorder.swift */; };
		A4D4CBDC2B87A9EE0064BE57 /* ChatViewController.swift in Sources */ = {isa = PBXBuildFile; fileRef = A4D4CBDB2B87A9EE0064BE57 /* ChatViewController.swift */; };
		A4D4CBDE2B87AA9A0064BE57 /* ChatCell.swift in Sources */ = {isa = PBXBuildFile; fileRef = A4D4CBDD2B87AA9A0064BE57 /* ChatCell.swift */; };
		A4D7D2D72BDAAE9F00CC2070 /* MessageViewModel.swift in Sources */ = {isa = PBXBuildFile; fileRef = A4D7D2D62BDAAE9F00CC2070 /* MessageViewModel.swift */; };
		A4DAF70B2AE6A9B800FAF6BB /* LoginViewModel.swift in Sources */ = {isa = PBXBuildFile; fileRef = A4DAF70A2AE6A9B800FAF6BB /* LoginViewModel.swift */; };
		A4E179772B81444400DC830A /* UserCell.swift in Sources */ = {isa = PBXBuildFile; fileRef = A4E179762B81444400DC830A /* UserCell.swift */; };
		A4E8D9992B598C0D00E8D7FF /* LoginGoogle.swift in Sources */ = {isa = PBXBuildFile; fileRef = A4E8D9982B598C0D00E8D7FF /* LoginGoogle.swift */; };
		C9ADA6FB2F787C3DAB2EF334 /* Pods_ChatApp.framework in Frameworks */ = {isa = PBXBuildFile; fileRef = 08A01BF751A647CA136F196A /* Pods_ChatApp.framework */; };
/* End PBXBuildFile section */

/* Begin PBXFileReference section */
		08A01BF751A647CA136F196A /* Pods_ChatApp.framework */ = {isa = PBXFileReference; explicitFileType = wrapper.framework; includeInIndex = 0; path = Pods_ChatApp.framework; sourceTree = BUILT_PRODUCTS_DIR; };
		174FBBB3032CC4FA7D5E8856 /* Pods-ChatApp.debug.xcconfig */ = {isa = PBXFileReference; includeInIndex = 1; lastKnownFileType = text.xcconfig; name = "Pods-ChatApp.debug.xcconfig"; path = "Target Support Files/Pods-ChatApp/Pods-ChatApp.debug.xcconfig"; sourceTree = "<group>"; };
		1C0A8D872AA1A94B003C08DC /* ChatApp.app */ = {isa = PBXFileReference; explicitFileType = wrapper.application; includeInIndex = 0; path = ChatApp.app; sourceTree = BUILT_PRODUCTS_DIR; };
		1C0A8D8A2AA1A94B003C08DC /* AppDelegate.swift */ = {isa = PBXFileReference; lastKnownFileType = sourcecode.swift; path = AppDelegate.swift; sourceTree = "<group>"; };
		1C0A8D8C2AA1A94B003C08DC /* SceneDelegate.swift */ = {isa = PBXFileReference; lastKnownFileType = sourcecode.swift; path = SceneDelegate.swift; sourceTree = "<group>"; };
		1C0A8D8E2AA1A94B003C08DC /* ViewController.swift */ = {isa = PBXFileReference; lastKnownFileType = sourcecode.swift; path = ViewController.swift; sourceTree = "<group>"; };
		1C0A8D912AA1A94B003C08DC /* Base */ = {isa = PBXFileReference; lastKnownFileType = file.storyboard; name = Base; path = Base.lproj/Main.storyboard; sourceTree = "<group>"; };
		1C0A8D932AA1A94C003C08DC /* Assets.xcassets */ = {isa = PBXFileReference; lastKnownFileType = folder.assetcatalog; path = Assets.xcassets; sourceTree = "<group>"; };
		1C0A8D962AA1A94C003C08DC /* Base */ = {isa = PBXFileReference; lastKnownFileType = file.storyboard; name = Base; path = Base.lproj/LaunchScreen.storyboard; sourceTree = "<group>"; };
		1C0A8D982AA1A94C003C08DC /* Info.plist */ = {isa = PBXFileReference; lastKnownFileType = text.plist.xml; path = Info.plist; sourceTree = "<group>"; };
		1C0A8DA62AA1AAB8003C08DC /* LoginViewController.swift */ = {isa = PBXFileReference; lastKnownFileType = sourcecode.swift; path = LoginViewController.swift; sourceTree = "<group>"; };
		1C0A8DA82AA1AB8E003C08DC /* RegisterViewController.swift */ = {isa = PBXFileReference; lastKnownFileType = sourcecode.swift; path = RegisterViewController.swift; sourceTree = "<group>"; };
		A4162C042D6623CC00894975 /* Times Square.gpx */ = {isa = PBXFileReference; lastKnownFileType = text.xml; path = "Times Square.gpx"; sourceTree = "<group>"; };
		A4162C062D6629AE00894975 /* FLocationManager.swift */ = {isa = PBXFileReference; lastKnownFileType = sourcecode.swift; path = FLocationManager.swift; sourceTree = "<group>"; };
		A434BCEA2C559CF000E3BAB3 /* ChatHeader.swift */ = {isa = PBXFileReference; lastKnownFileType = sourcecode.swift; path = ChatHeader.swift; sourceTree = "<group>"; };
		A434BCEC2C55A25F00E3BAB3 /* CollectionViews.swift */ = {isa = PBXFileReference; lastKnownFileType = sourcecode.swift; path = CollectionViews.swift; sourceTree = "<group>"; };
		A43B0DE52B6F4C7200D77F9D /* NewChatViewController.swift */ = {isa = PBXFileReference; lastKnownFileType = sourcecode.swift; path = NewChatViewController.swift; sourceTree = "<group>"; };
		A44AF9DC2B46FEB600A7218A /* FileUploader.swift */ = {isa = PBXFileReference; lastKnownFileType = sourcecode.swift; path = FileUploader.swift; sourceTree = "<group>"; };
		A44AF9DE2B470D9700A7218A /* Firebase+Injection.swift */ = {isa = PBXFileReference; lastKnownFileType = sourcecode.swift; path = "Firebase+Injection.swift"; sourceTree = "<group>"; };
		A4617C832BD01A31001FA899 /* Message.swift */ = {isa = PBXFileReference; lastKnownFileType = sourcecode.swift; path = Message.swift; sourceTree = "<group>"; };
		A4691F0F2B7670E300F7175A /* ConversationCell.swift */ = {isa = PBXFileReference; lastKnownFileType = sourcecode.swift; path = ConversationCell.swift; sourceTree = "<group>"; };
		A4715A4E2B0644BE00EC10AB /* ViewControllers.swift */ = {isa = PBXFileReference; lastKnownFileType = sourcecode.swift; path = ViewControllers.swift; sourceTree = "<group>"; };
		A474B5C02B0B8B1E00D6F23C /* CustomLabel.swift */ = {isa = PBXFileReference; lastKnownFileType = sourcecode.swift; path = CustomLabel.swift; sourceTree = "<group>"; };
		A474B5C22B0B8D3900D6F23C /* CustomImage.swift */ = {isa = PBXFileReference; lastKnownFileType = sourcecode.swift; path = CustomImage.swift; sourceTree = "<group>"; };
		A47BDA9F2B67646500948755 /* User.swift */ = {isa = PBXFileReference; lastKnownFileType = sourcecode.swift; path = User.swift; sourceTree = "<group>"; };
		A47BDAA12B67651B00948755 /* UserServices.swift */ = {isa = PBXFileReference; lastKnownFileType = sourcecode.swift; path = UserServices.swift; sourceTree = "<group>"; };
		A47BDAA32B67685E00948755 /* SplashVC.swift */ = {isa = PBXFileReference; lastKnownFileType = sourcecode.swift; path = SplashVC.swift; sourceTree = "<group>"; };
		A48786DE2C83C33700085E72 /* ExtensionChatController.swift */ = {isa = PBXFileReference; lastKnownFileType = sourcecode.swift; path = ExtensionChatController.swift; sourceTree = "<group>"; };
		A48941852BA0C6DD00B553A5 /* CustomInputView.swift */ = {isa = PBXFileReference; lastKnownFileType = sourcecode.swift; path = CustomInputView.swift; sourceTree = "<group>"; };
		A48941872BA0C75F00B553A5 /* InputTextView.swift */ = {isa = PBXFileReference; lastKnownFileType = sourcecode.swift; path = InputTextView.swift; sourceTree = "<group>"; };
		A49B82A12CDBB9830040F0A9 /* VideoPlayerVC.swift */ = {isa = PBXFileReference; lastKnownFileType = sourcecode.swift; path = VideoPlayerVC.swift; sourceTree = "<group>"; };
		A49FCB572ADD008100CD04F5 /* Buttons.swift */ = {isa = PBXFileReference; lastKnownFileType = sourcecode.swift; path = Buttons.swift; sourceTree = "<group>"; };
		A4A1590F2B2206CB00868505 /* GoogleService-Info.plist */ = {isa = PBXFileReference; fileEncoding = 4; lastKnownFileType = text.plist.xml; path = "GoogleService-Info.plist"; sourceTree = "<group>"; };
		A4AFBE412BC5844300FBE200 /* MessageServices.swift */ = {isa = PBXFileReference; lastKnownFileType = sourcecode.swift; path = MessageServices.swift; sourceTree = "<group>"; };
		A4B020C02AFA6A9700F7F9AE /* CustomTextField.swift */ = {isa = PBXFileReference; lastKnownFileType = sourcecode.swift; path = CustomTextField.swift; sourceTree = "<group>"; };
		A4B020C22AFA717B00F7F9AE /* CustomButton.swift */ = {isa = PBXFileReference; lastKnownFileType = sourcecode.swift; path = CustomButton.swift; sourceTree = "<group>"; };
		A4B020C42AFA74A200F7F9AE /* RegisterViewModel.swift */ = {isa = PBXFileReference; lastKnownFileType = sourcecode.swift; path = RegisterViewModel.swift; sourceTree = "<group>"; };
		A4B020C62AFA7A2500F7F9AE /* AuthProtocol.swift */ = {isa = PBXFileReference; lastKnownFileType = sourcecode.swift; path = AuthProtocol.swift; sourceTree = "<group>"; };
		A4B5F3272BB0D1350091B5FA /* UserViewModel.swift */ = {isa = PBXFileReference; lastKnownFileType = sourcecode.swift; path = UserViewModel.swift; sourceTree = "<group>"; };
		A4BF433F2B2B40280058FC9E /* AuthServices.swift */ = {isa = PBXFileReference; lastKnownFileType = sourcecode.swift; path = AuthServices.swift; sourceTree = "<group>"; };
		A4BF43422B2B50550058FC9E /* Constants.swift */ = {isa = PBXFileReference; lastKnownFileType = sourcecode.swift; path = Constants.swift; sourceTree = "<group>"; };
		A4C00BA52ACBE3B1001DC57C /* Views.swift */ = {isa = PBXFileReference; fileEncoding = 4; lastKnownFileType = sourcecode.swift; path = Views.swift; sourceTree = "<group>"; };
		A4C04BC92B5333A900711CC8 /* ConversationViewController.swift */ = {isa = PBXFileReference; lastKnownFileType = sourcecode.swift; path = ConversationViewController.swift; sourceTree = "<group>"; };
		A4C04BCC2B53371600711CC8 /* VC.swift */ = {isa = PBXFileReference; lastKnownFileType = sourcecode.swift; path = VC.swift; sourceTree = "<group>"; };
		A4CFB91F2D15A8E000DFD6E3 /* Ext_CustomInputView.swift */ = {isa = PBXFileReference; lastKnownFileType = sourcecode.swift; path = Ext_CustomInputView.swift; sourceTree = "<group>"; };
		A4CFB9212D15AC5000DFD6E3 /* AKAudioRecorder.swift */ = {isa = PBXFileReference; lastKnownFileType = sourcecode.swift; path = AKAudioRecorder.swift; sourceTree = "<group>"; };
		A4D4CBDB2B87A9EE0064BE57 /* ChatViewController.swift */ = {isa = PBXFileReference; lastKnownFileType = sourcecode.swift; path = ChatViewController.swift; sourceTree = "<group>"; };
		A4D4CBDD2B87AA9A0064BE57 /* ChatCell.swift */ = {isa = PBXFileReference; lastKnownFileType = sourcecode.swift; path = ChatCell.swift; sourceTree = "<group>"; };
		A4D7D2D62BDAAE9F00CC2070 /* MessageViewModel.swift */ = {isa = PBXFileReference; lastKnownFileType = sourcecode.swift; path = MessageViewModel.swift; sourceTree = "<group>"; };
		A4DAF70A2AE6A9B800FAF6BB /* LoginViewModel.swift */ = {isa = PBXFileReference; lastKnownFileType = sourcecode.swift; path = LoginViewModel.swift; sourceTree = "<group>"; };
		A4E179762B81444400DC830A /* UserCell.swift */ = {isa = PBXFileReference; lastKnownFileType = sourcecode.swift; path = UserCell.swift; sourceTree = "<group>"; };
		A4E8D9982B598C0D00E8D7FF /* LoginGoogle.swift */ = {isa = PBXFileReference; lastKnownFileType = sourcecode.swift; path = LoginGoogle.swift; sourceTree = "<group>"; };
		E3D683AED0DD71770B5BDD8D /* Pods-ChatApp.release.xcconfig */ = {isa = PBXFileReference; includeInIndex = 1; lastKnownFileType = text.xcconfig; name = "Pods-ChatApp.release.xcconfig"; path = "Target Support Files/Pods-ChatApp/Pods-ChatApp.release.xcconfig"; sourceTree = "<group>"; };
/* End PBXFileReference section */

/* Begin PBXFrameworksBuildPhase section */
		1C0A8D842AA1A94B003C08DC /* Frameworks */ = {
			isa = PBXFrameworksBuildPhase;
			buildActionMask = 2147483647;
			files = (
				C9ADA6FB2F787C3DAB2EF334 /* Pods_ChatApp.framework in Frameworks */,
			);
			runOnlyForDeploymentPostprocessing = 0;
		};
/* End PBXFrameworksBuildPhase section */

/* Begin PBXGroup section */
		134FE3C61896C318577C662F /* Frameworks */ = {
			isa = PBXGroup;
			children = (
				08A01BF751A647CA136F196A /* Pods_ChatApp.framework */,
			);
			name = Frameworks;
			sourceTree = "<group>";
		};
		1C0A8D7E2AA1A94B003C08DC = {
			isa = PBXGroup;
			children = (
				1C0A8D892AA1A94B003C08DC /* ChatApp */,
				1C0A8D882AA1A94B003C08DC /* Products */,
				CAFE68304EA4A1D8E569AB56 /* Pods */,
				134FE3C61896C318577C662F /* Frameworks */,
			);
			sourceTree = "<group>";
		};
		1C0A8D882AA1A94B003C08DC /* Products */ = {
			isa = PBXGroup;
			children = (
				1C0A8D872AA1A94B003C08DC /* ChatApp.app */,
			);
			name = Products;
			sourceTree = "<group>";
		};
		1C0A8D892AA1A94B003C08DC /* ChatApp */ = {
			isa = PBXGroup;
			children = (
				1C0A8DA02AA1A995003C08DC /* Shared Files */,
				1C0A8D9F2AA1A97F003C08DC /* Module */,
				1C0A8D9E2AA1A96B003C08DC /* Support */,
			);
			path = ChatApp;
			sourceTree = "<group>";
		};
		1C0A8D9E2AA1A96B003C08DC /* Support */ = {
			isa = PBXGroup;
			children = (
				A4162C032D66238F00894975 /* Fake Locations */,
				1C0A8D8A2AA1A94B003C08DC /* AppDelegate.swift */,
				1C0A8D8C2AA1A94B003C08DC /* SceneDelegate.swift */,
				1C0A8D8E2AA1A94B003C08DC /* ViewController.swift */,
				1C0A8D902AA1A94B003C08DC /* Main.storyboard */,
				1C0A8D932AA1A94C003C08DC /* Assets.xcassets */,
				1C0A8D952AA1A94C003C08DC /* LaunchScreen.storyboard */,
				A4A1590F2B2206CB00868505 /* GoogleService-Info.plist */,
				1C0A8D982AA1A94C003C08DC /* Info.plist */,
			);
			path = Support;
			sourceTree = "<group>";
		};
		1C0A8D9F2AA1A97F003C08DC /* Module */ = {
			isa = PBXGroup;
			children = (
				1C0A8DA52AA1A9E6003C08DC /* API */,
				1C0A8DA42AA1A9D4003C08DC /* Model */,
				1C0A8DA32AA1A9C5003C08DC /* View */,
				1C0A8DA22AA1A9B8003C08DC /* ViewModel */,
				1C0A8DA12AA1A9AD003C08DC /* Controller */,
			);
			path = Module;
			sourceTree = "<group>";
		};
		1C0A8DA02AA1A995003C08DC /* Shared Files */ = {
			isa = PBXGroup;
			children = (
				A44AF9E02B470DA700A7218A /* FirebaseHelpers */,
				A4BF43412B2B503F0058FC9E /* Constants */,
				A4B020BF2AFA6A7B00F7F9AE /* Class */,
				A4C00BA42ACBE36B001DC57C /* Extensions */,
			);
			path = "Shared Files";
			sourceTree = "<group>";
		};
		1C0A8DA12AA1A9AD003C08DC /* Controller */ = {
			isa = PBXGroup;
			children = (
				A4D4CBDA2B87A9CF0064BE57 /* Chat */,
				A4C04BCB2B5333EA00711CC8 /* Conversation */,
				1C0A8DA62AA1AAB8003C08DC /* LoginViewController.swift */,
				1C0A8DA82AA1AB8E003C08DC /* RegisterViewController.swift */,
				A4E8D9982B598C0D00E8D7FF /* LoginGoogle.swift */,
				A47BDAA32B67685E00948755 /* SplashVC.swift */,
				A49B82A12CDBB9830040F0A9 /* VideoPlayerVC.swift */,
			);
			path = Controller;
			sourceTree = "<group>";
		};
		1C0A8DA22AA1A9B8003C08DC /* ViewModel */ = {
			isa = PBXGroup;
			children = (
				A4DAF70A2AE6A9B800FAF6BB /* LoginViewModel.swift */,
				A4B020C42AFA74A200F7F9AE /* RegisterViewModel.swift */,
				A4B020C62AFA7A2500F7F9AE /* AuthProtocol.swift */,
				A4B5F3272BB0D1350091B5FA /* UserViewModel.swift */,
				A4D7D2D62BDAAE9F00CC2070 /* MessageViewModel.swift */,
			);
			path = ViewModel;
			sourceTree = "<group>";
		};
		1C0A8DA32AA1A9C5003C08DC /* View */ = {
			isa = PBXGroup;
			children = (
				A4CFB91E2D15A8B700DFD6E3 /* CustomInputView */,
				A4691F0F2B7670E300F7175A /* ConversationCell.swift */,
				A4E179762B81444400DC830A /* UserCell.swift */,
				A4D4CBDD2B87AA9A0064BE57 /* ChatCell.swift */,
				A434BCEA2C559CF000E3BAB3 /* ChatHeader.swift */,
			);
			path = View;
			sourceTree = "<group>";
		};
		1C0A8DA42AA1A9D4003C08DC /* Model */ = {
			isa = PBXGroup;
			children = (
				A4CFB9212D15AC5000DFD6E3 /* AKAudioRecorder.swift */,
				A47BDA9F2B67646500948755 /* User.swift */,
				A4617C832BD01A31001FA899 /* Message.swift */,
			);
			path = Model;
			sourceTree = "<group>";
		};
		1C0A8DA52AA1A9E6003C08DC /* API */ = {
			isa = PBXGroup;
			children = (
				A4BF433F2B2B40280058FC9E /* AuthServices.swift */,
				A44AF9DC2B46FEB600A7218A /* FileUploader.swift */,
				A47BDAA12B67651B00948755 /* UserServices.swift */,
				A4AFBE412BC5844300FBE200 /* MessageServices.swift */,
			);
			path = API;
			sourceTree = "<group>";
		};
		A4162C032D66238F00894975 /* Fake Locations */ = {
			isa = PBXGroup;
			children = (
				A4162C042D6623CC00894975 /* Times Square.gpx */,
			);
			path = "Fake Locations";
			sourceTree = "<group>";
		};
		A44AF9E02B470DA700A7218A /* FirebaseHelpers */ = {
			isa = PBXGroup;
			children = (
				A44AF9DE2B470D9700A7218A /* Firebase+Injection.swift */,
			);
			path = FirebaseHelpers;
			sourceTree = "<group>";
		};
		A4B020BF2AFA6A7B00F7F9AE /* Class */ = {
			isa = PBXGroup;
			children = (
				A4162C062D6629AE00894975 /* FLocationManager.swift */,
				A4B020C02AFA6A9700F7F9AE /* CustomTextField.swift */,
				A4B020C22AFA717B00F7F9AE /* CustomButton.swift */,
				A474B5C02B0B8B1E00D6F23C /* CustomLabel.swift */,
				A474B5C22B0B8D3900D6F23C /* CustomImage.swift */,
				A48941872BA0C75F00B553A5 /* InputTextView.swift */,
			);
			path = Class;
			sourceTree = "<group>";
		};
		A4BF43412B2B503F0058FC9E /* Constants */ = {
			isa = PBXGroup;
			children = (
				A4BF43422B2B50550058FC9E /* Constants.swift */,
			);
			path = Constants;
			sourceTree = "<group>";
		};
		A4C00BA42ACBE36B001DC57C /* Extensions */ = {
			isa = PBXGroup;
			children = (
				A4C00BA52ACBE3B1001DC57C /* Views.swift */,
				A49FCB572ADD008100CD04F5 /* Buttons.swift */,
				A4715A4E2B0644BE00EC10AB /* ViewControllers.swift */,
				A4C04BCC2B53371600711CC8 /* VC.swift */,
				A434BCEC2C55A25F00E3BAB3 /* CollectionViews.swift */,
			);
			path = Extensions;
			sourceTree = "<group>";
		};
		A4C04BCB2B5333EA00711CC8 /* Conversation */ = {
			isa = PBXGroup;
			children = (
				A4C04BC92B5333A900711CC8 /* ConversationViewController.swift */,
				A43B0DE52B6F4C7200D77F9D /* NewChatViewController.swift */,
			);
			path = Conversation;
			sourceTree = "<group>";
		};
		A4CFB91E2D15A8B700DFD6E3 /* CustomInputView */ = {
			isa = PBXGroup;
			children = (
				A48941852BA0C6DD00B553A5 /* CustomInputView.swift */,
				A4CFB91F2D15A8E000DFD6E3 /* Ext_CustomInputView.swift */,
			);
			path = CustomInputView;
			sourceTree = "<group>";
		};
		A4D4CBDA2B87A9CF0064BE57 /* Chat */ = {
			isa = PBXGroup;
			children = (
				A4D4CBDB2B87A9EE0064BE57 /* ChatViewController.swift */,
				A48786DE2C83C33700085E72 /* ExtensionChatController.swift */,
			);
			path = Chat;
			sourceTree = "<group>";
		};
		CAFE68304EA4A1D8E569AB56 /* Pods */ = {
			isa = PBXGroup;
			children = (
				174FBBB3032CC4FA7D5E8856 /* Pods-ChatApp.debug.xcconfig */,
				E3D683AED0DD71770B5BDD8D /* Pods-ChatApp.release.xcconfig */,
			);
			path = Pods;
			sourceTree = "<group>";
		};
/* End PBXGroup section */

/* Begin PBXNativeTarget section */
		1C0A8D862AA1A94B003C08DC /* ChatApp */ = {
			isa = PBXNativeTarget;
			buildConfigurationList = 1C0A8D9B2AA1A94C003C08DC /* Build configuration list for PBXNativeTarget "ChatApp" */;
			buildPhases = (
				BC32FA31343BE49694119538 /* [CP] Check Pods Manifest.lock */,
				1C0A8D832AA1A94B003C08DC /* Sources */,
				1C0A8D842AA1A94B003C08DC /* Frameworks */,
				1C0A8D852AA1A94B003C08DC /* Resources */,
				6428290F9E16C8DFFFA331C3 /* [CP] Embed Pods Frameworks */,
			);
			buildRules = (
			);
			dependencies = (
			);
			name = ChatApp;
			productName = ChatApp;
			productReference = 1C0A8D872AA1A94B003C08DC /* ChatApp.app */;
			productType = "com.apple.product-type.application";
		};
/* End PBXNativeTarget section */

/* Begin PBXProject section */
		1C0A8D7F2AA1A94B003C08DC /* Project object */ = {
			isa = PBXProject;
			attributes = {
				BuildIndependentTargetsInParallel = 1;
				LastSwiftUpdateCheck = 1420;
				LastUpgradeCheck = 1500;
				TargetAttributes = {
					1C0A8D862AA1A94B003C08DC = {
						CreatedOnToolsVersion = 14.2;
					};
				};
			};
			buildConfigurationList = 1C0A8D822AA1A94B003C08DC /* Build configuration list for PBXProject "ChatApp" */;
			compatibilityVersion = "Xcode 14.0";
			developmentRegion = en;
			hasScannedForEncodings = 0;
			knownRegions = (
				en,
				Base,
			);
			mainGroup = 1C0A8D7E2AA1A94B003C08DC;
			productRefGroup = 1C0A8D882AA1A94B003C08DC /* Products */;
			projectDirPath = "";
			projectRoot = "";
			targets = (
				1C0A8D862AA1A94B003C08DC /* ChatApp */,
			);
		};
/* End PBXProject section */

/* Begin PBXResourcesBuildPhase section */
		1C0A8D852AA1A94B003C08DC /* Resources */ = {
			isa = PBXResourcesBuildPhase;
			buildActionMask = 2147483647;
			files = (
				A4162C052D6623CC00894975 /* Times Square.gpx in Resources */,
				1C0A8D972AA1A94C003C08DC /* LaunchScreen.storyboard in Resources */,
				A4A159102B2206CB00868505 /* GoogleService-Info.plist in Resources */,
				1C0A8D942AA1A94C003C08DC /* Assets.xcassets in Resources */,
				1C0A8D922AA1A94B003C08DC /* Main.storyboard in Resources */,
			);
			runOnlyForDeploymentPostprocessing = 0;
		};
/* End PBXResourcesBuildPhase section */

/* Begin PBXShellScriptBuildPhase section */
		6428290F9E16C8DFFFA331C3 /* [CP] Embed Pods Frameworks */ = {
			isa = PBXShellScriptBuildPhase;
			buildActionMask = 2147483647;
			files = (
			);
			inputFileListPaths = (
				"${PODS_ROOT}/Target Support Files/Pods-ChatApp/Pods-ChatApp-frameworks-${CONFIGURATION}-input-files.xcfilelist",
			);
			name = "[CP] Embed Pods Frameworks";
			outputFileListPaths = (
				"${PODS_ROOT}/Target Support Files/Pods-ChatApp/Pods-ChatApp-frameworks-${CONFIGURATION}-output-files.xcfilelist",
			);
			runOnlyForDeploymentPostprocessing = 0;
			shellPath = /bin/sh;
			shellScript = "\"${PODS_ROOT}/Target Support Files/Pods-ChatApp/Pods-ChatApp-frameworks.sh\"\n";
			showEnvVarsInLog = 0;
		};
		BC32FA31343BE49694119538 /* [CP] Check Pods Manifest.lock */ = {
			isa = PBXShellScriptBuildPhase;
			buildActionMask = 2147483647;
			files = (
			);
			inputFileListPaths = (
			);
			inputPaths = (
				"${PODS_PODFILE_DIR_PATH}/Podfile.lock",
				"${PODS_ROOT}/Manifest.lock",
			);
			name = "[CP] Check Pods Manifest.lock";
			outputFileListPaths = (
			);
			outputPaths = (
				"$(DERIVED_FILE_DIR)/Pods-ChatApp-checkManifestLockResult.txt",
			);
			runOnlyForDeploymentPostprocessing = 0;
			shellPath = /bin/sh;
			shellScript = "diff \"${PODS_PODFILE_DIR_PATH}/Podfile.lock\" \"${PODS_ROOT}/Manifest.lock\" > /dev/null\nif [ $? != 0 ] ; then\n    # print error to STDERR\n    echo \"error: The sandbox is not in sync with the Podfile.lock. Run 'pod install' or update your CocoaPods installation.\" >&2\n    exit 1\nfi\n# This output is used by Xcode 'outputs' to avoid re-running this script phase.\necho \"SUCCESS\" > \"${SCRIPT_OUTPUT_FILE_0}\"\n";
			showEnvVarsInLog = 0;
		};
/* End PBXShellScriptBuildPhase section */

/* Begin PBXSourcesBuildPhase section */
		1C0A8D832AA1A94B003C08DC /* Sources */ = {
			isa = PBXSourcesBuildPhase;
			buildActionMask = 2147483647;
			files = (
				A49FCB582ADD008100CD04F5 /* Buttons.swift in Sources */,
				A4B5F3282BB0D1350091B5FA /* UserViewModel.swift in Sources */,
				A4BF43432B2B50550058FC9E /* Constants.swift in Sources */,
				A4C04BCA2B5333A900711CC8 /* ConversationViewController.swift in Sources */,
				A4B020C72AFA7A2500F7F9AE /* AuthProtocol.swift in Sources */,
				A4CFB9202D15A8E000DFD6E3 /* Ext_CustomInputView.swift in Sources */,
				1C0A8DA72AA1AAB8003C08DC /* LoginViewController.swift in Sources */,
				A434BCEB2C559CF000E3BAB3 /* ChatHeader.swift in Sources */,
				A4BF43402B2B40280058FC9E /* AuthServices.swift in Sources */,
				A4162C072D6629AE00894975 /* FLocationManager.swift in Sources */,
				A47BDAA42B67685E00948755 /* SplashVC.swift in Sources */,
				A44AF9DD2B46FEB600A7218A /* FileUploader.swift in Sources */,
				A474B5C12B0B8B1E00D6F23C /* CustomLabel.swift in Sources */,
				A49B82A22CDBB9830040F0A9 /* VideoPlayerVC.swift in Sources */,
				A4D7D2D72BDAAE9F00CC2070 /* MessageViewModel.swift in Sources */,
				1C0A8DA92AA1AB8E003C08DC /* RegisterViewController.swift in Sources */,
				A4715A4F2B0644BE00EC10AB /* ViewControllers.swift in Sources */,
				A4C00BA62ACBE3B1001DC57C /* Views.swift in Sources */,
				A4B020C52AFA74A200F7F9AE /* RegisterViewModel.swift in Sources */,
				A434BCED2C55A25F00E3BAB3 /* CollectionViews.swift in Sources */,
				A4E8D9992B598C0D00E8D7FF /* LoginGoogle.swift in Sources */,
				A4AFBE422BC5844300FBE200 /* MessageServices.swift in Sources */,
				A4B020C32AFA717B00F7F9AE /* CustomButton.swift in Sources */,
				A4DAF70B2AE6A9B800FAF6BB /* LoginViewModel.swift in Sources */,
				A48786DF2C83C33700085E72 /* ExtensionChatController.swift in Sources */,
				1C0A8D8F2AA1A94B003C08DC /* ViewController.swift in Sources */,
				A4691F102B7670E300F7175A /* ConversationCell.swift in Sources */,
				A47BDAA22B67651B00948755 /* UserServices.swift in Sources */,
				A474B5C32B0B8D3900D6F23C /* CustomImage.swift in Sources */,
				A48941862BA0C6DD00B553A5 /* CustomInputView.swift in Sources */,
				A4E179772B81444400DC830A /* UserCell.swift in Sources */,
				A4CFB9222D15AC5000DFD6E3 /* AKAudioRecorder.swift in Sources */,
				1C0A8D8B2AA1A94B003C08DC /* AppDelegate.swift in Sources */,
				A44AF9DF2B470D9700A7218A /* Firebase+Injection.swift in Sources */,
				A4D4CBDE2B87AA9A0064BE57 /* ChatCell.swift in Sources */,
				A4617C842BD01A31001FA899 /* Message.swift in Sources */,
				1C0A8D8D2AA1A94B003C08DC /* SceneDelegate.swift in Sources */,
				A4B020C12AFA6A9700F7F9AE /* CustomTextField.swift in Sources */,
				A4C04BCD2B53371600711CC8 /* VC.swift in Sources */,
				A47BDAA02B67646500948755 /* User.swift in Sources */,
				A4D4CBDC2B87A9EE0064BE57 /* ChatViewController.swift in Sources */,
				A48941882BA0C75F00B553A5 /* InputTextView.swift in Sources */,
				A43B0DE62B6F4C7200D77F9D /* NewChatViewController.swift in Sources */,
			);
			runOnlyForDeploymentPostprocessing = 0;
		};
/* End PBXSourcesBuildPhase section */

/* Begin PBXVariantGroup section */
		1C0A8D902AA1A94B003C08DC /* Main.storyboard */ = {
			isa = PBXVariantGroup;
			children = (
				1C0A8D912AA1A94B003C08DC /* Base */,
			);
			name = Main.storyboard;
			sourceTree = "<group>";
		};
		1C0A8D952AA1A94C003C08DC /* LaunchScreen.storyboard */ = {
			isa = PBXVariantGroup;
			children = (
				1C0A8D962AA1A94C003C08DC /* Base */,
			);
			name = LaunchScreen.storyboard;
			sourceTree = "<group>";
		};
/* End PBXVariantGroup section */

/* Begin XCBuildConfiguration section */
		1C0A8D992AA1A94C003C08DC /* Debug */ = {
			isa = XCBuildConfiguration;
			buildSettings = {
				ALWAYS_SEARCH_USER_PATHS = NO;
				CLANG_ANALYZER_NONNULL = YES;
				CLANG_ANALYZER_NUMBER_OBJECT_CONVERSION = YES_AGGRESSIVE;
				CLANG_CXX_LANGUAGE_STANDARD = "gnu++20";
				CLANG_ENABLE_MODULES = YES;
				CLANG_ENABLE_OBJC_ARC = YES;
				CLANG_ENABLE_OBJC_WEAK = YES;
				CLANG_WARN_BLOCK_CAPTURE_AUTORELEASING = YES;
				CLANG_WARN_BOOL_CONVERSION = YES;
				CLANG_WARN_COMMA = YES;
				CLANG_WARN_CONSTANT_CONVERSION = YES;
				CLANG_WARN_DEPRECATED_OBJC_IMPLEMENTATIONS = YES;
				CLANG_WARN_DIRECT_OBJC_ISA_USAGE = YES_ERROR;
				CLANG_WARN_DOCUMENTATION_COMMENTS = YES;
				CLANG_WARN_EMPTY_BODY = YES;
				CLANG_WARN_ENUM_CONVERSION = YES;
				CLANG_WARN_INFINITE_RECURSION = YES;
				CLANG_WARN_INT_CONVERSION = YES;
				CLANG_WARN_NON_LITERAL_NULL_CONVERSION = YES;
				CLANG_WARN_OBJC_IMPLICIT_RETAIN_SELF = YES;
				CLANG_WARN_OBJC_LITERAL_CONVERSION = YES;
				CLANG_WARN_OBJC_ROOT_CLASS = YES_ERROR;
				CLANG_WARN_QUOTED_INCLUDE_IN_FRAMEWORK_HEADER = YES;
				CLANG_WARN_RANGE_LOOP_ANALYSIS = YES;
				CLANG_WARN_STRICT_PROTOTYPES = YES;
				CLANG_WARN_SUSPICIOUS_MOVE = YES;
				CLANG_WARN_UNGUARDED_AVAILABILITY = YES_AGGRESSIVE;
				CLANG_WARN_UNREACHABLE_CODE = YES;
				CLANG_WARN__DUPLICATE_METHOD_MATCH = YES;
				COPY_PHASE_STRIP = NO;
				DEBUG_INFORMATION_FORMAT = dwarf;
				ENABLE_STRICT_OBJC_MSGSEND = YES;
				ENABLE_TESTABILITY = YES;
				ENABLE_USER_SCRIPT_SANDBOXING = NO;
				GCC_C_LANGUAGE_STANDARD = gnu11;
				GCC_DYNAMIC_NO_PIC = NO;
				GCC_NO_COMMON_BLOCKS = YES;
				GCC_OPTIMIZATION_LEVEL = 0;
				GCC_PREPROCESSOR_DEFINITIONS = (
					"DEBUG=1",
					"$(inherited)",
				);
				GCC_WARN_64_TO_32_BIT_CONVERSION = YES;
				GCC_WARN_ABOUT_RETURN_TYPE = YES_ERROR;
				GCC_WARN_UNDECLARED_SELECTOR = YES;
				GCC_WARN_UNINITIALIZED_AUTOS = YES_AGGRESSIVE;
				GCC_WARN_UNUSED_FUNCTION = YES;
				GCC_WARN_UNUSED_VARIABLE = YES;
				IPHONEOS_DEPLOYMENT_TARGET = 16.2;
				MTL_ENABLE_DEBUG_INFO = INCLUDE_SOURCE;
				MTL_FAST_MATH = YES;
				ONLY_ACTIVE_ARCH = YES;
				SDKROOT = iphoneos;
				SWIFT_ACTIVE_COMPILATION_CONDITIONS = DEBUG;
				SWIFT_OPTIMIZATION_LEVEL = "-Onone";
			};
			name = Debug;
		};
		1C0A8D9A2AA1A94C003C08DC /* Release */ = {
			isa = XCBuildConfiguration;
			buildSettings = {
				ALWAYS_SEARCH_USER_PATHS = NO;
				CLANG_ANALYZER_NONNULL = YES;
				CLANG_ANALYZER_NUMBER_OBJECT_CONVERSION = YES_AGGRESSIVE;
				CLANG_CXX_LANGUAGE_STANDARD = "gnu++20";
				CLANG_ENABLE_MODULES = YES;
				CLANG_ENABLE_OBJC_ARC = YES;
				CLANG_ENABLE_OBJC_WEAK = YES;
				CLANG_WARN_BLOCK_CAPTURE_AUTORELEASING = YES;
				CLANG_WARN_BOOL_CONVERSION = YES;
				CLANG_WARN_COMMA = YES;
				CLANG_WARN_CONSTANT_CONVERSION = YES;
				CLANG_WARN_DEPRECATED_OBJC_IMPLEMENTATIONS = YES;
				CLANG_WARN_DIRECT_OBJC_ISA_USAGE = YES_ERROR;
				CLANG_WARN_DOCUMENTATION_COMMENTS = YES;
				CLANG_WARN_EMPTY_BODY = YES;
				CLANG_WARN_ENUM_CONVERSION = YES;
				CLANG_WARN_INFINITE_RECURSION = YES;
				CLANG_WARN_INT_CONVERSION = YES;
				CLANG_WARN_NON_LITERAL_NULL_CONVERSION = YES;
				CLANG_WARN_OBJC_IMPLICIT_RETAIN_SELF = YES;
				CLANG_WARN_OBJC_LITERAL_CONVERSION = YES;
				CLANG_WARN_OBJC_ROOT_CLASS = YES_ERROR;
				CLANG_WARN_QUOTED_INCLUDE_IN_FRAMEWORK_HEADER = YES;
				CLANG_WARN_RANGE_LOOP_ANALYSIS = YES;
				CLANG_WARN_STRICT_PROTOTYPES = YES;
				CLANG_WARN_SUSPICIOUS_MOVE = YES;
				CLANG_WARN_UNGUARDED_AVAILABILITY = YES_AGGRESSIVE;
				CLANG_WARN_UNREACHABLE_CODE = YES;
				CLANG_WARN__DUPLICATE_METHOD_MATCH = YES;
				COPY_PHASE_STRIP = NO;
				DEBUG_INFORMATION_FORMAT = "dwarf-with-dsym";
				ENABLE_NS_ASSERTIONS = NO;
				ENABLE_STRICT_OBJC_MSGSEND = YES;
				ENABLE_USER_SCRIPT_SANDBOXING = NO;
				GCC_C_LANGUAGE_STANDARD = gnu11;
				GCC_NO_COMMON_BLOCKS = YES;
				GCC_WARN_64_TO_32_BIT_CONVERSION = YES;
				GCC_WARN_ABOUT_RETURN_TYPE = YES_ERROR;
				GCC_WARN_UNDECLARED_SELECTOR = YES;
				GCC_WARN_UNINITIALIZED_AUTOS = YES_AGGRESSIVE;
				GCC_WARN_UNUSED_FUNCTION = YES;
				GCC_WARN_UNUSED_VARIABLE = YES;
				IPHONEOS_DEPLOYMENT_TARGET = 16.2;
				MTL_ENABLE_DEBUG_INFO = NO;
				MTL_FAST_MATH = YES;
				SDKROOT = iphoneos;
				SWIFT_COMPILATION_MODE = wholemodule;
				SWIFT_OPTIMIZATION_LEVEL = "-O";
				VALIDATE_PRODUCT = YES;
			};
			name = Release;
		};
		1C0A8D9C2AA1A94C003C08DC /* Debug */ = {
			isa = XCBuildConfiguration;
			baseConfigurationReference = 174FBBB3032CC4FA7D5E8856 /* Pods-ChatApp.debug.xcconfig */;
			buildSettings = {
				ASSETCATALOG_COMPILER_APPICON_NAME = AppIcon;
				ASSETCATALOG_COMPILER_GLOBAL_ACCENT_COLOR_NAME = AccentColor;
				CODE_SIGN_STYLE = Automatic;
				CURRENT_PROJECT_VERSION = 1;
				DEVELOPMENT_TEAM = 32CZHJDL3R;
				"EXCLUDED_ARCHS[sdk=iphonesimulator*]" = arm64;
				GENERATE_INFOPLIST_FILE = YES;
				INFOPLIST_FILE = ChatApp/Support/Info.plist;
				INFOPLIST_KEY_UIApplicationSupportsIndirectInputEvents = YES;
				INFOPLIST_KEY_UILaunchStoryboardName = LaunchScreen;
				INFOPLIST_KEY_UIMainStoryboardFile = Main;
				INFOPLIST_KEY_UISupportedInterfaceOrientations_iPad = "UIInterfaceOrientationPortrait UIInterfaceOrientationPortraitUpsideDown UIInterfaceOrientationLandscapeLeft UIInterfaceOrientationLandscapeRight";
				INFOPLIST_KEY_UISupportedInterfaceOrientations_iPhone = "UIInterfaceOrientationPortrait UIInterfaceOrientationLandscapeLeft UIInterfaceOrientationLandscapeRight";
				LD_RUNPATH_SEARCH_PATHS = (
					"$(inherited)",
					"@executable_path/Frameworks",
				);
				MARKETING_VERSION = 1.0;
				PRODUCT_BUNDLE_IDENTIFIER = keybe.inc.ChatApp;
				PRODUCT_NAME = "$(TARGET_NAME)";
				SWIFT_EMIT_LOC_STRINGS = YES;
				SWIFT_VERSION = 5.0;
				TARGETED_DEVICE_FAMILY = "1,2";
			};
			name = Debug;
		};
		1C0A8D9D2AA1A94C003C08DC /* Release */ = {
			isa = XCBuildConfiguration;
			baseConfigurationReference = E3D683AED0DD71770B5BDD8D /* Pods-ChatApp.release.xcconfig */;
			buildSettings = {
				ASSETCATALOG_COMPILER_APPICON_NAME = AppIcon;
				ASSETCATALOG_COMPILER_GLOBAL_ACCENT_COLOR_NAME = AccentColor;
				CODE_SIGN_STYLE = Automatic;
				CURRENT_PROJECT_VERSION = 1;
				DEVELOPMENT_TEAM = 32CZHJDL3R;
				"EXCLUDED_ARCHS[sdk=iphonesimulator*]" = arm64;
				GENERATE_INFOPLIST_FILE = YES;
				INFOPLIST_FILE = ChatApp/Support/Info.plist;
				INFOPLIST_KEY_UIApplicationSupportsIndirectInputEvents = YES;
				INFOPLIST_KEY_UILaunchStoryboardName = LaunchScreen;
				INFOPLIST_KEY_UIMainStoryboardFile = Main;
				INFOPLIST_KEY_UISupportedInterfaceOrientations_iPad = "UIInterfaceOrientationPortrait UIInterfaceOrientationPortraitUpsideDown UIInterfaceOrientationLandscapeLeft UIInterfaceOrientationLandscapeRight";
				INFOPLIST_KEY_UISupportedInterfaceOrientations_iPhone = "UIInterfaceOrientationPortrait UIInterfaceOrientationLandscapeLeft UIInterfaceOrientationLandscapeRight";
				LD_RUNPATH_SEARCH_PATHS = (
					"$(inherited)",
					"@executable_path/Frameworks",
				);
				MARKETING_VERSION = 1.0;
				PRODUCT_BUNDLE_IDENTIFIER = keybe.inc.ChatApp;
				PRODUCT_NAME = "$(TARGET_NAME)";
				SWIFT_EMIT_LOC_STRINGS = YES;
				SWIFT_VERSION = 5.0;
				TARGETED_DEVICE_FAMILY = "1,2";
			};
			name = Release;
		};
/* End XCBuildConfiguration section */

/* Begin XCConfigurationList section */
		1C0A8D822AA1A94B003C08DC /* Build configuration list for PBXProject "ChatApp" */ = {
			isa = XCConfigurationList;
			buildConfigurations = (
				1C0A8D992AA1A94C003C08DC /* Debug */,
				1C0A8D9A2AA1A94C003C08DC /* Release */,
			);
			defaultConfigurationIsVisible = 0;
			defaultConfigurationName = Release;
		};
		1C0A8D9B2AA1A94C003C08DC /* Build configuration list for PBXNativeTarget "ChatApp" */ = {
			isa = XCConfigurationList;
			buildConfigurations = (
				1C0A8D9C2AA1A94C003C08DC /* Debug */,
				1C0A8D9D2AA1A94C003C08DC /* Release */,
			);
			defaultConfigurationIsVisible = 0;
			defaultConfigurationName = Release;
		};
/* End XCConfigurationList section */
	};
	rootObject = 1C0A8D7F2AA1A94B003C08DC /* Project object */;
}
